PODS:
  - AMCoreAudio (3.2)
  - AudioKit (4.3):
    - AudioKit/UI (= 4.3)
  - AudioKit/UI (4.3)
  - RxCocoa (4.2.0):
    - RxSwift (~> 4.0)
  - RxSwift (4.2.0)
  - SnapKit (4.0.0)

DEPENDENCIES:
  - AMCoreAudio (~> 3.1)
  - AudioKit (~> 4.0)
  - RxCocoa (~> 4.0)
  - RxSwift (~> 4.0)
  - SnapKit (~> 4.0)

SPEC REPOS:
  https://github.com/cocoapods/specs.git:
    - AMCoreAudio
    - AudioKit
    - RxCocoa
    - RxSwift
    - SnapKit

SPEC CHECKSUMS:
  AMCoreAudio: c50ed1ad308f89dd16504db12a4c11de84693c08
  AudioKit: 95bd2427c1afa7954d71b0c6195a09b87b7448bc
  RxCocoa: 0b54909c902e1e581212a03e690bbd94032d8baa
  RxSwift: 99e10317ddfcc7fbe01356aafd118fde4a0be104
  SnapKit: a42d492c16e80209130a3379f73596c3454b7694

PODFILE CHECKSUM: e576cca410f0c6ea6824c6eb9d91ced01ad0e0fc

COCOAPODS: 1.5.3
