PODS:
  - AMCoreAudio (3.1.3)
  - AudioKit (4.0.4):
    - AudioKit/UI (= 4.0.4)
  - AudioKit/UI (4.0.4)
  - RxCocoa (4.0.0):
    - RxSwift (~> 4.0)
  - RxSwift (4.0.0)
  - SwiftyConstraints (0.1.0)

DEPENDENCIES:
  - AMCoreAudio (~> 3.1)
  - AudioKit (~> 4.0)
  - RxCocoa (~> 4.0)
  - RxSwift (~> 4.0)
  - SwiftyConstraints (from `https://github.com/semiroot/SwiftyConstraints`)

EXTERNAL SOURCES:
  SwiftyConstraints:
    :git: https://github.com/semiroot/SwiftyConstraints

CHECKOUT OPTIONS:
  SwiftyConstraints:
    :commit: 9739c518021593b02411d84bf49097ae0b5d21ca
    :git: https://github.com/semiroot/SwiftyConstraints

SPEC CHECKSUMS:
  AMCoreAudio: 10b526498c9cd55201a674ef17bcd657932704de
  AudioKit: 647145c0462dc9dc8a8582998cd6db5f2e1ea848
  RxCocoa: d62846ca96495d862fa4c59ea7d87e5031d7340e
  RxSwift: fd680d75283beb5e2559486f3c0ff852f0d35334
  SwiftyConstraints: db70cd0e98d5310e38685278e701eb85c1a1d44c

PODFILE CHECKSUM: 1a92e8e232a56bd00af82664279947295a7d877a

COCOAPODS: 1.2.1
