// !$*UTF8*$!
{
	archiveVersion = 1;
	classes = {
	};
	objectVersion = 52;
	objects = {

/* Begin PBXBuildFile section */
		64175AC11F3F1DAC008F89A1 /* MainFacade.swift in Sources */ = {isa = PBXBuildFile; fileRef = 64175AC01F3F1DAC008F89A1 /* MainFacade.swift */; };
		645C30F91F3F2E7300369B45 /* LabelView.swift in Sources */ = {isa = PBXBuildFile; fileRef = 645C30F81F3F2E7300369B45 /* LabelView.swift */; };
		645C30FD1F3F3CDE00369B45 /* DeviceView.swift in Sources */ = {isa = PBXBuildFile; fileRef = 645C30FC1F3F3CDE00369B45 /* DeviceView.swift */; };
		649352021F3E2AC2000AAEA4 /* Main.storyboard in Resources */ = {isa = PBXBuildFile; fileRef = 649352001F3E2AC2000AAEA4 /* Main.storyboard */; };
		649352291F3E4294000AAEA4 /* AppDelegate.swift in Sources */ = {isa = PBXBuildFile; fileRef = 649352281F3E4294000AAEA4 /* AppDelegate.swift */; };
		6493522B1F3E4358000AAEA4 /* MainController.swift in Sources */ = {isa = PBXBuildFile; fileRef = 6493522A1F3E4358000AAEA4 /* MainController.swift */; };
		6493522F1F3E4CB5000AAEA4 /* Assets.xcassets in Resources */ = {isa = PBXBuildFile; fileRef = 649351FE1F3E2AC2000AAEA4 /* Assets.xcassets */; };
		64BBA5A51F40646F00EBCC50 /* TitleView.swift in Sources */ = {isa = PBXBuildFile; fileRef = 64BBA5A41F40646F00EBCC50 /* TitleView.swift */; };
		64BBA5AB1F408E2F00EBCC50 /* Hub.swift in Sources */ = {isa = PBXBuildFile; fileRef = 64BBA5AA1F408E2F00EBCC50 /* Hub.swift */; };
		64BBA5AD1F409A0300EBCC50 /* Preferences.swift in Sources */ = {isa = PBXBuildFile; fileRef = 64BBA5AC1F409A0300EBCC50 /* Preferences.swift */; };
		64BCCA511F3F0E4000BE7F9E /* PopoverWindow.swift in Sources */ = {isa = PBXBuildFile; fileRef = 64BCCA501F3F0E4000BE7F9E /* PopoverWindow.swift */; };
		64D9E6F81FD198ED00911452 /* Channel.swift in Sources */ = {isa = PBXBuildFile; fileRef = 64D9E6F71FD198ED00911452 /* Channel.swift */; };
		64FC29AC1F3F72A3001D96E7 /* DeviceFacade.swift in Sources */ = {isa = PBXBuildFile; fileRef = 64FC29AB1F3F72A3001D96E7 /* DeviceFacade.swift */; };
		D71B0A18259B4A5E00785CB8 /* SliderCellView.swift in Sources */ = {isa = PBXBuildFile; fileRef = D71B0A17259B4A5E00785CB8 /* SliderCellView.swift */; };
		D71FB6FE25A0EDE400DC77B3 /* CustomButton in Frameworks */ = {isa = PBXBuildFile; productRef = D71FB6FD25A0EDE400DC77B3 /* CustomButton */; };
		D77432392599E817004A56A5 /* SnapKit in Frameworks */ = {isa = PBXBuildFile; productRef = D77432382599E817004A56A5 /* SnapKit */; };
		D77432422599E95F004A56A5 /* RxCocoa in Frameworks */ = {isa = PBXBuildFile; productRef = D77432412599E95F004A56A5 /* RxCocoa */; };
		D77432442599E95F004A56A5 /* RxSwift in Frameworks */ = {isa = PBXBuildFile; productRef = D77432432599E95F004A56A5 /* RxSwift */; };
		D774324E2599E9B7004A56A5 /* AMCoreAudio in Frameworks */ = {isa = PBXBuildFile; productRef = D774324D2599E9B7004A56A5 /* AMCoreAudio */; };
		D7F1636025A3948700C742B2 /* AudioKit in Frameworks */ = {isa = PBXBuildFile; productRef = D7F1635F25A3948700C742B2 /* AudioKit */; };
		D7F5F53425A0E4200092757D /* CustomButton.swift in Sources */ = {isa = PBXBuildFile; fileRef = D7F5F53325A0E4200092757D /* CustomButton.swift */; };
/* End PBXBuildFile section */

/* Begin PBXFileReference section */
		640472661FD1F55700C81E2C /* README.md */ = {isa = PBXFileReference; lastKnownFileType = net.daringfireball.markdown; path = README.md; sourceTree = "<group>"; };
		64175AC01F3F1DAC008F89A1 /* MainFacade.swift */ = {isa = PBXFileReference; fileEncoding = 4; lastKnownFileType = sourcecode.swift; path = MainFacade.swift; sourceTree = "<group>"; };
		645C30F81F3F2E7300369B45 /* LabelView.swift */ = {isa = PBXFileReference; fileEncoding = 4; lastKnownFileType = sourcecode.swift; path = LabelView.swift; sourceTree = "<group>"; };
		645C30FC1F3F3CDE00369B45 /* DeviceView.swift */ = {isa = PBXFileReference; fileEncoding = 4; lastKnownFileType = sourcecode.swift; path = DeviceView.swift; sourceTree = "<group>"; };
		649351F71F3E2AC2000AAEA4 /* AudioSelector.app */ = {isa = PBXFileReference; explicitFileType = wrapper.application; includeInIndex = 0; path = AudioSelector.app; sourceTree = BUILT_PRODUCTS_DIR; };
		649351FE1F3E2AC2000AAEA4 /* Assets.xcassets */ = {isa = PBXFileReference; lastKnownFileType = folder.assetcatalog; path = Assets.xcassets; sourceTree = "<group>"; };
		649352011F3E2AC2000AAEA4 /* Base */ = {isa = PBXFileReference; lastKnownFileType = file.storyboard; name = Base; path = Base.lproj/Main.storyboard; sourceTree = "<group>"; };
		649352031F3E2AC2000AAEA4 /* Info.plist */ = {isa = PBXFileReference; lastKnownFileType = text.plist.xml; path = Info.plist; sourceTree = "<group>"; };
		649352281F3E4294000AAEA4 /* AppDelegate.swift */ = {isa = PBXFileReference; fileEncoding = 4; lastKnownFileType = sourcecode.swift; path = AppDelegate.swift; sourceTree = "<group>"; };
		6493522A1F3E4358000AAEA4 /* MainController.swift */ = {isa = PBXFileReference; fileEncoding = 4; lastKnownFileType = sourcecode.swift; path = MainController.swift; sourceTree = "<group>"; };
		64BBA5A41F40646F00EBCC50 /* TitleView.swift */ = {isa = PBXFileReference; fileEncoding = 4; lastKnownFileType = sourcecode.swift; path = TitleView.swift; sourceTree = "<group>"; };
		64BBA5AA1F408E2F00EBCC50 /* Hub.swift */ = {isa = PBXFileReference; fileEncoding = 4; lastKnownFileType = sourcecode.swift; path = Hub.swift; sourceTree = "<group>"; };
		64BBA5AC1F409A0300EBCC50 /* Preferences.swift */ = {isa = PBXFileReference; fileEncoding = 4; lastKnownFileType = sourcecode.swift; path = Preferences.swift; sourceTree = "<group>"; };
		64BCCA501F3F0E4000BE7F9E /* PopoverWindow.swift */ = {isa = PBXFileReference; fileEncoding = 4; lastKnownFileType = sourcecode.swift; path = PopoverWindow.swift; sourceTree = "<group>"; };
		64D9E6F71FD198ED00911452 /* Channel.swift */ = {isa = PBXFileReference; lastKnownFileType = sourcecode.swift; path = Channel.swift; sourceTree = "<group>"; };
		64FC29AB1F3F72A3001D96E7 /* DeviceFacade.swift */ = {isa = PBXFileReference; fileEncoding = 4; lastKnownFileType = sourcecode.swift; path = DeviceFacade.swift; sourceTree = "<group>"; };
		D71B0A17259B4A5E00785CB8 /* SliderCellView.swift */ = {isa = PBXFileReference; lastKnownFileType = sourcecode.swift; path = SliderCellView.swift; sourceTree = "<group>"; };
		D784046925B2FBAD004D86A0 /* AudioSelector.entitlements */ = {isa = PBXFileReference; lastKnownFileType = text.plist.entitlements; path = AudioSelector.entitlements; sourceTree = "<group>"; };
		D7F5F53325A0E4200092757D /* CustomButton.swift */ = {isa = PBXFileReference; lastKnownFileType = sourcecode.swift; path = CustomButton.swift; sourceTree = "<group>"; };
/* End PBXFileReference section */

/* Begin PBXFrameworksBuildPhase section */
		649351F41F3E2AC2000AAEA4 /* Frameworks */ = {
			isa = PBXFrameworksBuildPhase;
			buildActionMask = 2147483647;
			files = (
				D7F1636025A3948700C742B2 /* AudioKit in Frameworks */,
				D77432442599E95F004A56A5 /* RxSwift in Frameworks */,
				D77432422599E95F004A56A5 /* RxCocoa in Frameworks */,
				D71FB6FE25A0EDE400DC77B3 /* CustomButton in Frameworks */,
				D774324E2599E9B7004A56A5 /* AMCoreAudio in Frameworks */,
				D77432392599E817004A56A5 /* SnapKit in Frameworks */,
			);
			runOnlyForDeploymentPostprocessing = 0;
		};
/* End PBXFrameworksBuildPhase section */

/* Begin PBXGroup section */
		649351EE1F3E2AC2000AAEA4 = {
			isa = PBXGroup;
			children = (
				640472661FD1F55700C81E2C /* README.md */,
				649351F91F3E2AC2000AAEA4 /* AudioSelector */,
				649351F81F3E2AC2000AAEA4 /* Products */,
				D75715C325A0ED0400539815 /* Frameworks */,
			);
			sourceTree = "<group>";
		};
		649351F81F3E2AC2000AAEA4 /* Products */ = {
			isa = PBXGroup;
			children = (
				649351F71F3E2AC2000AAEA4 /* AudioSelector.app */,
			);
			name = Products;
			sourceTree = "<group>";
		};
		649351F91F3E2AC2000AAEA4 /* AudioSelector */ = {
			isa = PBXGroup;
			children = (
				D784046925B2FBAD004D86A0 /* AudioSelector.entitlements */,
				D766E34A25A51A4D0073101A /* Windows */,
				D766E33F25A519170073101A /* Controllers */,
				D766E34C25A51AD40073101A /* Core */,
				D766E33C25A516E20073101A /* Facades */,
				D766E34825A51A1C0073101A /* Views */,
				649352281F3E4294000AAEA4 /* AppDelegate.swift */,
				649352031F3E2AC2000AAEA4 /* Info.plist */,
				649352001F3E2AC2000AAEA4 /* Main.storyboard */,
				649351FE1F3E2AC2000AAEA4 /* Assets.xcassets */,
			);
			path = AudioSelector;
			sourceTree = "<group>";
		};
		D75715C325A0ED0400539815 /* Frameworks */ = {
			isa = PBXGroup;
			children = (
			);
			name = Frameworks;
			sourceTree = "<group>";
		};
		D766E33925A515A20073101A /* Enums */ = {
			isa = PBXGroup;
			children = (
				64D9E6F71FD198ED00911452 /* Channel.swift */,
			);
			path = Enums;
			sourceTree = "<group>";
		};
		D766E33C25A516E20073101A /* Facades */ = {
			isa = PBXGroup;
			children = (
				64175AC01F3F1DAC008F89A1 /* MainFacade.swift */,
				64FC29AB1F3F72A3001D96E7 /* DeviceFacade.swift */,
			);
			path = Facades;
			sourceTree = "<group>";
		};
		D766E33F25A519170073101A /* Controllers */ = {
			isa = PBXGroup;
			children = (
				6493522A1F3E4358000AAEA4 /* MainController.swift */,
			);
			path = Controllers;
			sourceTree = "<group>";
		};
		D766E34825A51A1C0073101A /* Views */ = {
			isa = PBXGroup;
			children = (
				645C30FC1F3F3CDE00369B45 /* DeviceView.swift */,
				D71B0A17259B4A5E00785CB8 /* SliderCellView.swift */,
				64BBA5A41F40646F00EBCC50 /* TitleView.swift */,
				645C30F81F3F2E7300369B45 /* LabelView.swift */,
			);
			path = Views;
			sourceTree = "<group>";
		};
		D766E34A25A51A4D0073101A /* Windows */ = {
			isa = PBXGroup;
			children = (
				64BCCA501F3F0E4000BE7F9E /* PopoverWindow.swift */,
			);
			path = Windows;
			sourceTree = "<group>";
		};
		D766E34C25A51AD40073101A /* Core */ = {
			isa = PBXGroup;
			children = (
				D766E33925A515A20073101A /* Enums */,
				D7F5F53325A0E4200092757D /* CustomButton.swift */,
				64BBA5AC1F409A0300EBCC50 /* Preferences.swift */,
				64BBA5AA1F408E2F00EBCC50 /* Hub.swift */,
			);
			path = Core;
			sourceTree = "<group>";
		};
/* End PBXGroup section */

/* Begin PBXNativeTarget section */
		649351F61F3E2AC2000AAEA4 /* AudioSelector */ = {
			isa = PBXNativeTarget;
			buildConfigurationList = 649352111F3E2AC2000AAEA4 /* Build configuration list for PBXNativeTarget "AudioSelector" */;
			buildPhases = (
				649351F31F3E2AC2000AAEA4 /* Sources */,
				649351F41F3E2AC2000AAEA4 /* Frameworks */,
				649351F51F3E2AC2000AAEA4 /* Resources */,
				6404726B1FD2176E00C81E2C /* ShellScript */,
			);
			buildRules = (
			);
			dependencies = (
			);
			name = AudioSelector;
			packageProductDependencies = (
				D77432382599E817004A56A5 /* SnapKit */,
				D77432412599E95F004A56A5 /* RxCocoa */,
				D77432432599E95F004A56A5 /* RxSwift */,
				D774324D2599E9B7004A56A5 /* AMCoreAudio */,
				D71FB6FD25A0EDE400DC77B3 /* CustomButton */,
				D7F1635F25A3948700C742B2 /* AudioKit */,
			);
			productName = AudioSelector;
			productReference = 649351F71F3E2AC2000AAEA4 /* AudioSelector.app */;
			productType = "com.apple.product-type.application";
		};
/* End PBXNativeTarget section */

/* Begin PBXProject section */
		649351EF1F3E2AC2000AAEA4 /* Project object */ = {
			isa = PBXProject;
			attributes = {
				LastSwiftUpdateCheck = 0830;
				LastUpgradeCheck = 1230;
				ORGANIZATIONNAME = "Hansmartin Geiser";
				TargetAttributes = {
					649351F61F3E2AC2000AAEA4 = {
						CreatedOnToolsVersion = 8.3.3;
						DevelopmentTeam = 3EN6CLP3WA;
						LastSwiftMigration = 0900;
						ProvisioningStyle = Automatic;
					};
				};
			};
			buildConfigurationList = 649351F21F3E2AC2000AAEA4 /* Build configuration list for PBXProject "AudioSelector" */;
			compatibilityVersion = "Xcode 3.2";
			developmentRegion = en;
			hasScannedForEncodings = 0;
			knownRegions = (
				en,
				Base,
			);
			mainGroup = 649351EE1F3E2AC2000AAEA4;
			packageReferences = (
				D77432372599E817004A56A5 /* XCRemoteSwiftPackageReference "SnapKit" */,
				D77432402599E95F004A56A5 /* XCRemoteSwiftPackageReference "RxSwift" */,
				D774324C2599E9B7004A56A5 /* XCRemoteSwiftPackageReference "AMCoreAudio" */,
				D71FB6FC25A0EDE400DC77B3 /* XCRemoteSwiftPackageReference "CustomButton" */,
				D7F1635E25A3948700C742B2 /* XCRemoteSwiftPackageReference "AudioKit" */,
			);
			productRefGroup = 649351F81F3E2AC2000AAEA4 /* Products */;
			projectDirPath = "";
			projectRoot = "";
			targets = (
				649351F61F3E2AC2000AAEA4 /* AudioSelector */,
			);
		};
/* End PBXProject section */

/* Begin PBXResourcesBuildPhase section */
		649351F51F3E2AC2000AAEA4 /* Resources */ = {
			isa = PBXResourcesBuildPhase;
			buildActionMask = 2147483647;
			files = (
				6493522F1F3E4CB5000AAEA4 /* Assets.xcassets in Resources */,
				649352021F3E2AC2000AAEA4 /* Main.storyboard in Resources */,
			);
			runOnlyForDeploymentPostprocessing = 0;
		};
/* End PBXResourcesBuildPhase section */

/* Begin PBXShellScriptBuildPhase section */
		6404726B1FD2176E00C81E2C /* ShellScript */ = {
			isa = PBXShellScriptBuildPhase;
			buildActionMask = 2147483647;
			files = (
			);
			inputPaths = (
			);
			outputPaths = (
			);
			runOnlyForDeploymentPostprocessing = 0;
			shellPath = /bin/sh;
			shellScript = "if hash /usr/libexec/PlistBuddy 2>/dev/null; then\n    buildNumber=$(date +%y%m%d.%H%M.)$(git -C ${SRCROOT} rev-list --count HEAD)\n    /usr/libexec/PlistBuddy -c \"Set :CFBundleVersion ${buildNumber}\" \"${SRCROOT}/AudioSelector/Info.plist\"\nelse\n    echo \"Please install PlistBuddy for the build number to be calculated automatically\"\nfi\n";
		};
/* End PBXShellScriptBuildPhase section */

/* Begin PBXSourcesBuildPhase section */
		649351F31F3E2AC2000AAEA4 /* Sources */ = {
			isa = PBXSourcesBuildPhase;
			buildActionMask = 2147483647;
			files = (
				64BBA5AB1F408E2F00EBCC50 /* Hub.swift in Sources */,
				D7F5F53425A0E4200092757D /* CustomButton.swift in Sources */,
				64BCCA511F3F0E4000BE7F9E /* PopoverWindow.swift in Sources */,
				D71B0A18259B4A5E00785CB8 /* SliderCellView.swift in Sources */,
				64D9E6F81FD198ED00911452 /* Channel.swift in Sources */,
				649352291F3E4294000AAEA4 /* AppDelegate.swift in Sources */,
				645C30FD1F3F3CDE00369B45 /* DeviceView.swift in Sources */,
				6493522B1F3E4358000AAEA4 /* MainController.swift in Sources */,
				64BBA5AD1F409A0300EBCC50 /* Preferences.swift in Sources */,
				645C30F91F3F2E7300369B45 /* LabelView.swift in Sources */,
				64FC29AC1F3F72A3001D96E7 /* DeviceFacade.swift in Sources */,
				64175AC11F3F1DAC008F89A1 /* MainFacade.swift in Sources */,
				64BBA5A51F40646F00EBCC50 /* TitleView.swift in Sources */,
			);
			runOnlyForDeploymentPostprocessing = 0;
		};
/* End PBXSourcesBuildPhase section */

/* Begin PBXVariantGroup section */
		649352001F3E2AC2000AAEA4 /* Main.storyboard */ = {
			isa = PBXVariantGroup;
			children = (
				649352011F3E2AC2000AAEA4 /* Base */,
			);
			name = Main.storyboard;
			sourceTree = "<group>";
		};
/* End PBXVariantGroup section */

/* Begin XCBuildConfiguration section */
		6493520F1F3E2AC2000AAEA4 /* Debug */ = {
			isa = XCBuildConfiguration;
			buildSettings = {
				ALWAYS_SEARCH_USER_PATHS = NO;
				CLANG_ANALYZER_NONNULL = YES;
				CLANG_ANALYZER_NUMBER_OBJECT_CONVERSION = YES_AGGRESSIVE;
				CLANG_CXX_LANGUAGE_STANDARD = "gnu++0x";
				CLANG_CXX_LIBRARY = "libc++";
				CLANG_ENABLE_MODULES = YES;
				CLANG_ENABLE_OBJC_ARC = YES;
				CLANG_WARN_BLOCK_CAPTURE_AUTORELEASING = YES;
				CLANG_WARN_BOOL_CONVERSION = YES;
				CLANG_WARN_COMMA = YES;
				CLANG_WARN_CONSTANT_CONVERSION = YES;
				CLANG_WARN_DEPRECATED_OBJC_IMPLEMENTATIONS = YES;
				CLANG_WARN_DIRECT_OBJC_ISA_USAGE = YES_ERROR;
				CLANG_WARN_DOCUMENTATION_COMMENTS = YES;
				CLANG_WARN_EMPTY_BODY = YES;
				CLANG_WARN_ENUM_CONVERSION = YES;
				CLANG_WARN_INFINITE_RECURSION = YES;
				CLANG_WARN_INT_CONVERSION = YES;
				CLANG_WARN_NON_LITERAL_NULL_CONVERSION = YES;
				CLANG_WARN_OBJC_IMPLICIT_RETAIN_SELF = YES;
				CLANG_WARN_OBJC_LITERAL_CONVERSION = YES;
				CLANG_WARN_OBJC_ROOT_CLASS = YES_ERROR;
				CLANG_WARN_QUOTED_INCLUDE_IN_FRAMEWORK_HEADER = YES;
				CLANG_WARN_RANGE_LOOP_ANALYSIS = YES;
				CLANG_WARN_STRICT_PROTOTYPES = YES;
				CLANG_WARN_SUSPICIOUS_MOVE = YES;
				CLANG_WARN_UNREACHABLE_CODE = YES;
				CLANG_WARN__DUPLICATE_METHOD_MATCH = YES;
				CODE_SIGN_IDENTITY = "-";
				COPY_PHASE_STRIP = NO;
				DEBUG_INFORMATION_FORMAT = dwarf;
				ENABLE_STRICT_OBJC_MSGSEND = YES;
				ENABLE_TESTABILITY = YES;
				GCC_C_LANGUAGE_STANDARD = gnu99;
				GCC_DYNAMIC_NO_PIC = NO;
				GCC_NO_COMMON_BLOCKS = YES;
				GCC_OPTIMIZATION_LEVEL = 0;
				GCC_PREPROCESSOR_DEFINITIONS = (
					"DEBUG=1",
					"$(inherited)",
				);
				GCC_WARN_64_TO_32_BIT_CONVERSION = YES;
				GCC_WARN_ABOUT_RETURN_TYPE = YES_ERROR;
				GCC_WARN_UNDECLARED_SELECTOR = YES;
				GCC_WARN_UNINITIALIZED_AUTOS = YES_AGGRESSIVE;
				GCC_WARN_UNUSED_FUNCTION = YES;
				GCC_WARN_UNUSED_VARIABLE = YES;
				MACOSX_DEPLOYMENT_TARGET = 10.15;
				MTL_ENABLE_DEBUG_INFO = YES;
				ONLY_ACTIVE_ARCH = YES;
				SDKROOT = macosx;
				SWIFT_ACTIVE_COMPILATION_CONDITIONS = DEBUG;
				SWIFT_OPTIMIZATION_LEVEL = "-Onone";
				SWIFT_SWIFT3_OBJC_INFERENCE = Default;
			};
			name = Debug;
		};
		649352101F3E2AC2000AAEA4 /* Release */ = {
			isa = XCBuildConfiguration;
			buildSettings = {
				ALWAYS_SEARCH_USER_PATHS = NO;
				CLANG_ANALYZER_NONNULL = YES;
				CLANG_ANALYZER_NUMBER_OBJECT_CONVERSION = YES_AGGRESSIVE;
				CLANG_CXX_LANGUAGE_STANDARD = "gnu++0x";
				CLANG_CXX_LIBRARY = "libc++";
				CLANG_ENABLE_MODULES = YES;
				CLANG_ENABLE_OBJC_ARC = YES;
				CLANG_WARN_BLOCK_CAPTURE_AUTORELEASING = YES;
				CLANG_WARN_BOOL_CONVERSION = YES;
				CLANG_WARN_COMMA = YES;
				CLANG_WARN_CONSTANT_CONVERSION = YES;
				CLANG_WARN_DEPRECATED_OBJC_IMPLEMENTATIONS = YES;
				CLANG_WARN_DIRECT_OBJC_ISA_USAGE = YES_ERROR;
				CLANG_WARN_DOCUMENTATION_COMMENTS = YES;
				CLANG_WARN_EMPTY_BODY = YES;
				CLANG_WARN_ENUM_CONVERSION = YES;
				CLANG_WARN_INFINITE_RECURSION = YES;
				CLANG_WARN_INT_CONVERSION = YES;
				CLANG_WARN_NON_LITERAL_NULL_CONVERSION = YES;
				CLANG_WARN_OBJC_IMPLICIT_RETAIN_SELF = YES;
				CLANG_WARN_OBJC_LITERAL_CONVERSION = YES;
				CLANG_WARN_OBJC_ROOT_CLASS = YES_ERROR;
				CLANG_WARN_QUOTED_INCLUDE_IN_FRAMEWORK_HEADER = YES;
				CLANG_WARN_RANGE_LOOP_ANALYSIS = YES;
				CLANG_WARN_STRICT_PROTOTYPES = YES;
				CLANG_WARN_SUSPICIOUS_MOVE = YES;
				CLANG_WARN_UNREACHABLE_CODE = YES;
				CLANG_WARN__DUPLICATE_METHOD_MATCH = YES;
				CODE_SIGN_IDENTITY = "-";
				COPY_PHASE_STRIP = NO;
				DEBUG_INFORMATION_FORMAT = "dwarf-with-dsym";
				ENABLE_NS_ASSERTIONS = NO;
				ENABLE_STRICT_OBJC_MSGSEND = YES;
				GCC_C_LANGUAGE_STANDARD = gnu99;
				GCC_NO_COMMON_BLOCKS = YES;
				GCC_WARN_64_TO_32_BIT_CONVERSION = YES;
				GCC_WARN_ABOUT_RETURN_TYPE = YES_ERROR;
				GCC_WARN_UNDECLARED_SELECTOR = YES;
				GCC_WARN_UNINITIALIZED_AUTOS = YES_AGGRESSIVE;
				GCC_WARN_UNUSED_FUNCTION = YES;
				GCC_WARN_UNUSED_VARIABLE = YES;
				MACOSX_DEPLOYMENT_TARGET = 10.15;
				MTL_ENABLE_DEBUG_INFO = NO;
				SDKROOT = macosx;
				SWIFT_COMPILATION_MODE = wholemodule;
				SWIFT_OPTIMIZATION_LEVEL = "-O";
				SWIFT_SWIFT3_OBJC_INFERENCE = Default;
			};
			name = Release;
		};
		649352121F3E2AC2000AAEA4 /* Debug */ = {
			isa = XCBuildConfiguration;
			buildSettings = {
				ASSETCATALOG_COMPILER_APPICON_NAME = AppIcon;
				CODE_SIGN_ENTITLEMENTS = AudioSelector/AudioSelector.entitlements;
				CODE_SIGN_IDENTITY = "Mac Developer";
				CODE_SIGN_STYLE = Automatic;
				COMBINE_HIDPI_IMAGES = YES;
				DEVELOPMENT_TEAM = 3EN6CLP3WA;
				ENABLE_HARDENED_RUNTIME = YES;
				INFOPLIST_FILE = AudioSelector/Info.plist;
				LD_RUNPATH_SEARCH_PATHS = (
					"$(inherited)",
					"@executable_path/../Frameworks",
				);
				MACOSX_DEPLOYMENT_TARGET = 10.15;
				MARKETING_VERSION = 2.0;
				PRODUCT_BUNDLE_IDENTIFIER = ch.audioselector;
				PRODUCT_NAME = "$(TARGET_NAME)";
				PROVISIONING_PROFILE_SPECIFIER = "";
				SWIFT_SWIFT3_OBJC_INFERENCE = Default;
				SWIFT_VERSION = 5.0;
			};
			name = Debug;
		};
		649352131F3E2AC2000AAEA4 /* Release */ = {
			isa = XCBuildConfiguration;
			buildSettings = {
				ASSETCATALOG_COMPILER_APPICON_NAME = AppIcon;
				CODE_SIGN_ENTITLEMENTS = AudioSelector/AudioSelector.entitlements;
				CODE_SIGN_IDENTITY = "Mac Developer";
				CODE_SIGN_STYLE = Automatic;
				COMBINE_HIDPI_IMAGES = YES;
				DEVELOPMENT_TEAM = 3EN6CLP3WA;
				ENABLE_HARDENED_RUNTIME = YES;
				INFOPLIST_FILE = AudioSelector/Info.plist;
				LD_RUNPATH_SEARCH_PATHS = (
					"$(inherited)",
					"@executable_path/../Frameworks",
				);
				MACOSX_DEPLOYMENT_TARGET = 10.15;
				MARKETING_VERSION = 2.0;
				PRODUCT_BUNDLE_IDENTIFIER = ch.audioselector;
				PRODUCT_NAME = "$(TARGET_NAME)";
				PROVISIONING_PROFILE_SPECIFIER = "";
				SWIFT_SWIFT3_OBJC_INFERENCE = Default;
				SWIFT_VERSION = 5.0;
			};
			name = Release;
		};
/* End XCBuildConfiguration section */

/* Begin XCConfigurationList section */
		649351F21F3E2AC2000AAEA4 /* Build configuration list for PBXProject "AudioSelector" */ = {
			isa = XCConfigurationList;
			buildConfigurations = (
				6493520F1F3E2AC2000AAEA4 /* Debug */,
				649352101F3E2AC2000AAEA4 /* Release */,
			);
			defaultConfigurationIsVisible = 0;
			defaultConfigurationName = Release;
		};
		649352111F3E2AC2000AAEA4 /* Build configuration list for PBXNativeTarget "AudioSelector" */ = {
			isa = XCConfigurationList;
			buildConfigurations = (
				649352121F3E2AC2000AAEA4 /* Debug */,
				649352131F3E2AC2000AAEA4 /* Release */,
			);
			defaultConfigurationIsVisible = 0;
			defaultConfigurationName = Release;
		};
/* End XCConfigurationList section */

/* Begin XCRemoteSwiftPackageReference section */
		D71FB6FC25A0EDE400DC77B3 /* XCRemoteSwiftPackageReference "CustomButton" */ = {
			isa = XCRemoteSwiftPackageReference;
			repositoryURL = "https://github.com/semiroot/CustomButton.git";
			requirement = {
				branch = master;
				kind = branch;
			};
		};
		D77432372599E817004A56A5 /* XCRemoteSwiftPackageReference "SnapKit" */ = {
			isa = XCRemoteSwiftPackageReference;
			repositoryURL = "https://github.com/SnapKit/SnapKit.git";
			requirement = {
				kind = upToNextMajorVersion;
				minimumVersion = 5.0.1;
			};
		};
		D77432402599E95F004A56A5 /* XCRemoteSwiftPackageReference "RxSwift" */ = {
			isa = XCRemoteSwiftPackageReference;
			repositoryURL = "https://github.com/ReactiveX/RxSwift.git";
			requirement = {
				kind = upToNextMajorVersion;
				minimumVersion = 5.1.1;
			};
		};
		D774324C2599E9B7004A56A5 /* XCRemoteSwiftPackageReference "AMCoreAudio" */ = {
			isa = XCRemoteSwiftPackageReference;
			repositoryURL = "https://github.com/rnine/AMCoreAudio.git";
			requirement = {
				kind = upToNextMajorVersion;
				minimumVersion = 3.4.0;
			};
		};
		D7F1635E25A3948700C742B2 /* XCRemoteSwiftPackageReference "AudioKit" */ = {
			isa = XCRemoteSwiftPackageReference;
			repositoryURL = "https://github.com/AudioKit/AudioKit.git";
			requirement = {
				branch = "v5-main";
				kind = branch;
			};
		};
/* End XCRemoteSwiftPackageReference section */

/* Begin XCSwiftPackageProductDependency section */
		D71FB6FD25A0EDE400DC77B3 /* CustomButton */ = {
			isa = XCSwiftPackageProductDependency;
			package = D71FB6FC25A0EDE400DC77B3 /* XCRemoteSwiftPackageReference "CustomButton" */;
			productName = CustomButton;
		};
		D77432382599E817004A56A5 /* SnapKit */ = {
			isa = XCSwiftPackageProductDependency;
			package = D77432372599E817004A56A5 /* XCRemoteSwiftPackageReference "SnapKit" */;
			productName = SnapKit;
		};
		D77432412599E95F004A56A5 /* RxCocoa */ = {
			isa = XCSwiftPackageProductDependency;
			package = D77432402599E95F004A56A5 /* XCRemoteSwiftPackageReference "RxSwift" */;
			productName = RxCocoa;
		};
		D77432432599E95F004A56A5 /* RxSwift */ = {
			isa = XCSwiftPackageProductDependency;
			package = D77432402599E95F004A56A5 /* XCRemoteSwiftPackageReference "RxSwift" */;
			productName = RxSwift;
		};
		D774324D2599E9B7004A56A5 /* AMCoreAudio */ = {
			isa = XCSwiftPackageProductDependency;
			package = D774324C2599E9B7004A56A5 /* XCRemoteSwiftPackageReference "AMCoreAudio" */;
			productName = AMCoreAudio;
		};
		D7F1635F25A3948700C742B2 /* AudioKit */ = {
			isa = XCSwiftPackageProductDependency;
			package = D7F1635E25A3948700C742B2 /* XCRemoteSwiftPackageReference "AudioKit" */;
			productName = AudioKit;
		};
/* End XCSwiftPackageProductDependency section */
	};
	rootObject = 649351EF1F3E2AC2000AAEA4 /* Project object */;
}
