{
  "object": {
    "pins": [
      {
        "package": "AMCoreAudio",
        "repositoryURL": "https://github.com/rnine/AMCoreAudio.git",
        "state": {
          "branch": null,
          "revision": "92c2b2c858d602a7815e599bd763c33f157a5273",
          "version": "3.4.0"
        }
      },
      {
        "package": "AudioKit",
        "repositoryURL": "https://github.com/AudioKit/AudioKit.git",
        "state": {
          "branch": "v5-main",
          "revision": "4750745817bf5ec3ba2355c6f109fcf4751952ee",
          "version": null
        }
      },
      {
        "package": "CustomButton",
        "repositoryURL": "https://github.com/semiroot/CustomButton.git",
        "state": {
          "branch": "master",
          "revision": "e0d3f6c1828070822d815ca011a5a64efbb4dcc3",
          "version": null
        }
      },
      {
        "package": "RxSwift",
        "repositoryURL": "https://github.com/ReactiveX/RxSwift.git",
        "state": {
          "branch": null,
          "revision": "002d325b0bdee94e7882e1114af5ff4fe1e96afa",
          "version": "5.1.1"
        }
      },
      {
        "package": "SnapKit",
        "repositoryURL": "https://github.com/SnapKit/SnapKit.git",
        "state": {
          "branch": null,
          "revision": "d458564516e5676af9c70b4f4b2a9178294f1bc6",
          "version": "5.0.1"
        }
      }
    ]
  },
  "version": 1
}
